
Microsoft Visual Studio Solution File, Format Version 12.00
# Visual Studio Version 17
VisualStudioVersion = 17.0.31903.59
MinimumVisualStudioVersion = 10.0.40219.1
Project("{FAE04EC0-301F-11D3-BF4B-00C04F79EFBC}") = "WMS.Common.DataContext.Sqlite", "WMS.Common.DataContext.Sqlite\WMS.Common.DataContext.Sqlite.csproj", "{C557C11F-8E96-4292-84FC-E3997A8D38D1}"
EndProject
Project("{FAE04EC0-301F-11D3-BF4B-00C04F79EFBC}") = "WMS.Common.EntityModels.Sqlite", "WMS.Common.EntityModels.Sqlite\WMS.Common.EntityModels.Sqlite.csproj", "{B7B06E79-105F-408B-A634-729E24C763DA}"
EndProject
Project("{FAE04EC0-301F-11D3-BF4B-00C04F79EFBC}") = "WMS.WebApi", "WMS.WebApi\WMS.WebApi.csproj", "{EA05A466-9F8C-4F99-B2DC-A593836E6B65}"
EndProject
Project("{FAE04EC0-301F-11D3-BF4B-00C04F79EFBC}") = "WMS.Common.UnitTests", "WMS.Common.UnitTests\WMS.Common.UnitTests.csproj", "{024FB431-DF66-45EE-AE10-7B8691DFF85D}"
EndProject
Global
	GlobalSection(SolutionConfigurationPlatforms) = preSolution
		Debug|Any CPU = Debug|Any CPU
		Release|Any CPU = Release|Any CPU
	EndGlobalSection
	GlobalSection(SolutionProperties) = preSolution
		HideSolutionNode = FALSE
	EndGlobalSection
	GlobalSection(ProjectConfigurationPlatforms) = postSolution
		{C557C11F-8E96-4292-84FC-E3997A8D38D1}.Debug|Any CPU.ActiveCfg = Debug|Any CPU
		{C557C11F-8E96-4292-84FC-E3997A8D38D1}.Debug|Any CPU.Build.0 = Debug|Any CPU
		{C557C11F-8E96-4292-84FC-E3997A8D38D1}.Release|Any CPU.ActiveCfg = Release|Any CPU
		{C557C11F-8E96-4292-84FC-E3997A8D38D1}.Release|Any CPU.Build.0 = Release|Any CPU
		{B7B06E79-105F-408B-A634-729E24C763DA}.Debug|Any CPU.ActiveCfg = Debug|Any CPU
		{B7B06E79-105F-408B-A634-729E24C763DA}.Debug|Any CPU.Build.0 = Debug|Any CPU
		{B7B06E79-105F-408B-A634-729E24C763DA}.Release|Any CPU.ActiveCfg = Release|Any CPU
		{B7B06E79-105F-408B-A634-729E24C763DA}.Release|Any CPU.Build.0 = Release|Any CPU
		{EA05A466-9F8C-4F99-B2DC-A593836E6B65}.Debug|Any CPU.ActiveCfg = Debug|Any CPU
		{EA05A466-9F8C-4F99-B2DC-A593836E6B65}.Debug|Any CPU.Build.0 = Debug|Any CPU
		{EA05A466-9F8C-4F99-B2DC-A593836E6B65}.Release|Any CPU.ActiveCfg = Release|Any CPU
		{EA05A466-9F8C-4F99-B2DC-A593836E6B65}.Release|Any CPU.Build.0 = Release|Any CPU
		{024FB431-DF66-45EE-AE10-7B8691DFF85D}.Debug|Any CPU.ActiveCfg = Debug|Any CPU
		{024FB431-DF66-45EE-AE10-7B8691DFF85D}.Debug|Any CPU.Build.0 = Debug|Any CPU
		{024FB431-DF66-45EE-AE10-7B8691DFF85D}.Release|Any CPU.ActiveCfg = Release|Any CPU
		{024FB431-DF66-45EE-AE10-7B8691DFF85D}.Release|Any CPU.Build.0 = Release|Any CPU
	EndGlobalSection
EndGlobal
